
Microsoft Visual Studio Solution File, Format Version 12.00
# Visual Studio Version 16
VisualStudioVersion = 16.0.30503.244
MinimumVisualStudioVersion = 10.0.40219.1
Project("{FAE04EC0-301F-11D3-BF4B-00C04F79EFBC}") = "Examination1", "Examination1.csproj", "{C3F88F86-7227-431C-A63C-1D299239B5C9}"
EndProject
Global
	GlobalSection(SolutionConfigurationPlatforms) = preSolution
		Debug|Any CPU = Debug|Any CPU
		Release|Any CPU = Release|Any CPU
	EndGlobalSection
	GlobalSection(ProjectConfigurationPlatforms) = postSolution
		{C3F88F86-7227-431C-A63C-1D299239B5C9}.Debug|Any CPU.ActiveCfg = Debug|Any CPU
		{C3F88F86-7227-431C-A63C-1D299239B5C9}.Debug|Any CPU.Build.0 = Debug|Any CPU
		{C3F88F86-7227-431C-A63C-1D299239B5C9}.Release|Any CPU.ActiveCfg = Release|Any CPU
		{C3F88F86-7227-431C-A63C-1D299239B5C9}.Release|Any CPU.Build.0 = Release|Any CPU
	EndGlobalSection
	GlobalSection(SolutionProperties) = preSolution
		HideSolutionNode = FALSE
	EndGlobalSection
	GlobalSection(ExtensibilityGlobals) = postSolution
		SolutionGuid = {67BB5273-D28F-41C7-81CE-47137E001027}
	EndGlobalSection
EndGlobal
